
Microsoft Visual Studio Solution File, Format Version 12.00
# Visual Studio Version 17
VisualStudioVersion = 17.0.32112.339
MinimumVisualStudioVersion = 10.0.40219.1
Project("{FAE04EC0-301F-11D3-BF4B-00C04F79EFBC}") = "American_Fidelity", "American_Fidelity\American_Fidelity.csproj", "{9457A663-3959-4C2D-B024-D86BECF6D170}"
EndProject
Global
	GlobalSection(SolutionConfigurationPlatforms) = preSolution
		Debug|Any CPU = Debug|Any CPU
		Release|Any CPU = Release|Any CPU
	EndGlobalSection
	GlobalSection(ProjectConfigurationPlatforms) = postSolution
		{9457A663-3959-4C2D-B024-D86BECF6D170}.Debug|Any CPU.ActiveCfg = Debug|Any CPU
		{9457A663-3959-4C2D-B024-D86BECF6D170}.Debug|Any CPU.Build.0 = Debug|Any CPU
		{9457A663-3959-4C2D-B024-D86BECF6D170}.Release|Any CPU.ActiveCfg = Release|Any CPU
		{9457A663-3959-4C2D-B024-D86BECF6D170}.Release|Any CPU.Build.0 = Release|Any CPU
	EndGlobalSection
	GlobalSection(SolutionProperties) = preSolution
		HideSolutionNode = FALSE
	EndGlobalSection
	GlobalSection(ExtensibilityGlobals) = postSolution
		SolutionGuid = {425B54DD-0C78-4373-8ABD-18EB41C1DB48}
	EndGlobalSection
EndGlobal
